// !$*UTF8*$!
{
	archiveVersion = 1;
	classes = {
	};
	objectVersion = 56;
	objects = {

/* Begin PBXBuildFile section */
		5BA960F62A63083A00A0E924 /* LevelViewController.swift in Sources */ = {isa = PBXBuildFile; fileRef = 5BA960F52A63083A00A0E924 /* LevelViewController.swift */; };
		5BE595122A60475F00453C13 /* AppDelegate.swift in Sources */ = {isa = PBXBuildFile; fileRef = 5BE595112A60475F00453C13 /* AppDelegate.swift */; };
		5BE595142A60475F00453C13 /* SceneDelegate.swift in Sources */ = {isa = PBXBuildFile; fileRef = 5BE595132A60475F00453C13 /* SceneDelegate.swift */; };
		5BE595162A60475F00453C13 /* ViewController.swift in Sources */ = {isa = PBXBuildFile; fileRef = 5BE595152A60475F00453C13 /* ViewController.swift */; };
		5BE595192A60475F00453C13 /* Main.storyboard in Resources */ = {isa = PBXBuildFile; fileRef = 5BE595172A60475F00453C13 /* Main.storyboard */; };
		5BE5951B2A60476100453C13 /* Assets.xcassets in Resources */ = {isa = PBXBuildFile; fileRef = 5BE5951A2A60476100453C13 /* Assets.xcassets */; };
		5BE5951E2A60476100453C13 /* LaunchScreen.storyboard in Resources */ = {isa = PBXBuildFile; fileRef = 5BE5951C2A60476100453C13 /* LaunchScreen.storyboard */; };
		5BE5952A2A60484F00453C13 /* CustomView.swift in Sources */ = {isa = PBXBuildFile; fileRef = 5BE595262A60484F00453C13 /* CustomView.swift */; };
		5BE5952B2A60484F00453C13 /* CustomButton.swift in Sources */ = {isa = PBXBuildFile; fileRef = 5BE595272A60484F00453C13 /* CustomButton.swift */; };
		5BE5952C2A60484F00453C13 /* CustomTextField.swift in Sources */ = {isa = PBXBuildFile; fileRef = 5BE595282A60484F00453C13 /* CustomTextField.swift */; };
		5BE5952D2A60484F00453C13 /* CustomLabel.swift in Sources */ = {isa = PBXBuildFile; fileRef = 5BE595292A60484F00453C13 /* CustomLabel.swift */; };
		5BE595302A60496900453C13 /* CollectionViewCell.swift in Sources */ = {isa = PBXBuildFile; fileRef = 5BE5952F2A60496900453C13 /* CollectionViewCell.swift */; };
/* End PBXBuildFile section */

/* Begin PBXFileReference section */
		5BA960F52A63083A00A0E924 /* LevelViewController.swift */ = {isa = PBXFileReference; lastKnownFileType = sourcecode.swift; path = LevelViewController.swift; sourceTree = "<group>"; };
		5BE5950E2A60475F00453C13 /* What's the color.app */ = {isa = PBXFileReference; explicitFileType = wrapper.application; includeInIndex = 0; path = "What's the color.app"; sourceTree = BUILT_PRODUCTS_DIR; };
		5BE595112A60475F00453C13 /* AppDelegate.swift */ = {isa = PBXFileReference; lastKnownFileType = sourcecode.swift; path = AppDelegate.swift; sourceTree = "<group>"; };
		5BE595132A60475F00453C13 /* SceneDelegate.swift */ = {isa = PBXFileReference; lastKnownFileType = sourcecode.swift; path = SceneDelegate.swift; sourceTree = "<group>"; };
		5BE595152A60475F00453C13 /* ViewController.swift */ = {isa = PBXFileReference; lastKnownFileType = sourcecode.swift; path = ViewController.swift; sourceTree = "<group>"; };
		5BE595182A60475F00453C13 /* Base */ = {isa = PBXFileReference; lastKnownFileType = file.storyboard; name = Base; path = Base.lproj/Main.storyboard; sourceTree = "<group>"; };
		5BE5951A2A60476100453C13 /* Assets.xcassets */ = {isa = PBXFileReference; lastKnownFileType = folder.assetcatalog; path = Assets.xcassets; sourceTree = "<group>"; };
		5BE5951D2A60476100453C13 /* Base */ = {isa = PBXFileReference; lastKnownFileType = file.storyboard; name = Base; path = Base.lproj/LaunchScreen.storyboard; sourceTree = "<group>"; };
		5BE5951F2A60476100453C13 /* Info.plist */ = {isa = PBXFileReference; lastKnownFileType = text.plist.xml; path = Info.plist; sourceTree = "<group>"; };
		5BE595262A60484F00453C13 /* CustomView.swift */ = {isa = PBXFileReference; fileEncoding = 4; lastKnownFileType = sourcecode.swift; path = CustomView.swift; sourceTree = "<group>"; };
		5BE595272A60484F00453C13 /* CustomButton.swift */ = {isa = PBXFileReference; fileEncoding = 4; lastKnownFileType = sourcecode.swift; path = CustomButton.swift; sourceTree = "<group>"; };
		5BE595282A60484F00453C13 /* CustomTextField.swift */ = {isa = PBXFileReference; fileEncoding = 4; lastKnownFileType = sourcecode.swift; path = CustomTextField.swift; sourceTree = "<group>"; };
		5BE595292A60484F00453C13 /* CustomLabel.swift */ = {isa = PBXFileReference; fileEncoding = 4; lastKnownFileType = sourcecode.swift; path = CustomLabel.swift; sourceTree = "<group>"; };
		5BE5952F2A60496900453C13 /* CollectionViewCell.swift */ = {isa = PBXFileReference; lastKnownFileType = sourcecode.swift; path = CollectionViewCell.swift; sourceTree = "<group>"; };
/* End PBXFileReference section */

/* Begin PBXFrameworksBuildPhase section */
		5BE5950B2A60475F00453C13 /* Frameworks */ = {
			isa = PBXFrameworksBuildPhase;
			buildActionMask = 2147483647;
			files = (
			);
			runOnlyForDeploymentPostprocessing = 0;
		};
/* End PBXFrameworksBuildPhase section */

/* Begin PBXGroup section */
		5BE595052A60475F00453C13 = {
			isa = PBXGroup;
			children = (
				5BE595102A60475F00453C13 /* What's the color */,
				5BE5950F2A60475F00453C13 /* Products */,
			);
			sourceTree = "<group>";
		};
		5BE5950F2A60475F00453C13 /* Products */ = {
			isa = PBXGroup;
			children = (
				5BE5950E2A60475F00453C13 /* What's the color.app */,
			);
			name = Products;
			sourceTree = "<group>";
		};
		5BE595102A60475F00453C13 /* What's the color */ = {
			isa = PBXGroup;
			children = (
				5BE5952E2A60495600453C13 /* Cells */,
				5BE595252A60484F00453C13 /* Custom Control */,
				5BE595112A60475F00453C13 /* AppDelegate.swift */,
				5BE595132A60475F00453C13 /* SceneDelegate.swift */,
				5BE595152A60475F00453C13 /* ViewController.swift */,
				5BA960F52A63083A00A0E924 /* LevelViewController.swift */,
				5BE595172A60475F00453C13 /* Main.storyboard */,
				5BE5951A2A60476100453C13 /* Assets.xcassets */,
				5BE5951C2A60476100453C13 /* LaunchScreen.storyboard */,
				5BE5951F2A60476100453C13 /* Info.plist */,
			);
			path = "What's the color";
			sourceTree = "<group>";
		};
		5BE595252A60484F00453C13 /* Custom Control */ = {
			isa = PBXGroup;
			children = (
				5BE595262A60484F00453C13 /* CustomView.swift */,
				5BE595272A60484F00453C13 /* CustomButton.swift */,
				5BE595282A60484F00453C13 /* CustomTextField.swift */,
				5BE595292A60484F00453C13 /* CustomLabel.swift */,
			);
			path = "Custom Control";
			sourceTree = "<group>";
		};
		5BE5952E2A60495600453C13 /* Cells */ = {
			isa = PBXGroup;
			children = (
				5BE5952F2A60496900453C13 /* CollectionViewCell.swift */,
			);
			path = Cells;
			sourceTree = "<group>";
		};
/* End PBXGroup section */

/* Begin PBXNativeTarget section */
		5BE5950D2A60475F00453C13 /* What's the color */ = {
			isa = PBXNativeTarget;
			buildConfigurationList = 5BE595222A60476100453C13 /* Build configuration list for PBXNativeTarget "What's the color" */;
			buildPhases = (
				5BE5950A2A60475F00453C13 /* Sources */,
				5BE5950B2A60475F00453C13 /* Frameworks */,
				5BE5950C2A60475F00453C13 /* Resources */,
			);
			buildRules = (
			);
			dependencies = (
			);
			name = "What's the color";
			productName = "What's the color";
			productReference = 5BE5950E2A60475F00453C13 /* What's the color.app */;
			productType = "com.apple.product-type.application";
		};
/* End PBXNativeTarget section */

/* Begin PBXProject section */
		5BE595062A60475F00453C13 /* Project object */ = {
			isa = PBXProject;
			attributes = {
				BuildIndependentTargetsInParallel = 1;
				LastSwiftUpdateCheck = 1420;
				LastUpgradeCheck = 1420;
				TargetAttributes = {
					5BE5950D2A60475F00453C13 = {
						CreatedOnToolsVersion = 14.2;
					};
				};
			};
			buildConfigurationList = 5BE595092A60475F00453C13 /* Build configuration list for PBXProject "What's the color" */;
			compatibilityVersion = "Xcode 14.0";
			developmentRegion = en;
			hasScannedForEncodings = 0;
			knownRegions = (
				en,
				Base,
			);
			mainGroup = 5BE595052A60475F00453C13;
			productRefGroup = 5BE5950F2A60475F00453C13 /* Products */;
			projectDirPath = "";
			projectRoot = "";
			targets = (
				5BE5950D2A60475F00453C13 /* What's the color */,
			);
		};
/* End PBXProject section */

/* Begin PBXResourcesBuildPhase section */
		5BE5950C2A60475F00453C13 /* Resources */ = {
			isa = PBXResourcesBuildPhase;
			buildActionMask = 2147483647;
			files = (
				5BE5951E2A60476100453C13 /* LaunchScreen.storyboard in Resources */,
				5BE5951B2A60476100453C13 /* Assets.xcassets in Resources */,
				5BE595192A60475F00453C13 /* Main.storyboard in Resources */,
			);
			runOnlyForDeploymentPostprocessing = 0;
		};
/* End PBXResourcesBuildPhase section */

/* Begin PBXSourcesBuildPhase section */
		5BE5950A2A60475F00453C13 /* Sources */ = {
			isa = PBXSourcesBuildPhase;
			buildActionMask = 2147483647;
			files = (
				5BE595162A60475F00453C13 /* ViewController.swift in Sources */,
				5BE5952A2A60484F00453C13 /* CustomView.swift in Sources */,
				5BE595302A60496900453C13 /* CollectionViewCell.swift in Sources */,
				5BA960F62A63083A00A0E924 /* LevelViewController.swift in Sources */,
				5BE5952C2A60484F00453C13 /* CustomTextField.swift in Sources */,
				5BE5952D2A60484F00453C13 /* CustomLabel.swift in Sources */,
				5BE595122A60475F00453C13 /* AppDelegate.swift in Sources */,
				5BE595142A60475F00453C13 /* SceneDelegate.swift in Sources */,
				5BE5952B2A60484F00453C13 /* CustomButton.swift in Sources */,
			);
			runOnlyForDeploymentPostprocessing = 0;
		};
/* End PBXSourcesBuildPhase section */

/* Begin PBXVariantGroup section */
		5BE595172A60475F00453C13 /* Main.storyboard */ = {
			isa = PBXVariantGroup;
			children = (
				5BE595182A60475F00453C13 /* Base */,
			);
			name = Main.storyboard;
			sourceTree = "<group>";
		};
		5BE5951C2A60476100453C13 /* LaunchScreen.storyboard */ = {
			isa = PBXVariantGroup;
			children = (
				5BE5951D2A60476100453C13 /* Base */,
			);
			name = LaunchScreen.storyboard;
			sourceTree = "<group>";
		};
/* End PBXVariantGroup section */

/* Begin XCBuildConfiguration section */
		5BE595202A60476100453C13 /* Debug */ = {
			isa = XCBuildConfiguration;
			buildSettings = {
				ALWAYS_SEARCH_USER_PATHS = NO;
				CLANG_ANALYZER_NONNULL = YES;
				CLANG_ANALYZER_NUMBER_OBJECT_CONVERSION = YES_AGGRESSIVE;
				CLANG_CXX_LANGUAGE_STANDARD = "gnu++20";
				CLANG_ENABLE_MODULES = YES;
				CLANG_ENABLE_OBJC_ARC = YES;
				CLANG_ENABLE_OBJC_WEAK = YES;
				CLANG_WARN_BLOCK_CAPTURE_AUTORELEASING = YES;
				CLANG_WARN_BOOL_CONVERSION = YES;
				CLANG_WARN_COMMA = YES;
				CLANG_WARN_CONSTANT_CONVERSION = YES;
				CLANG_WARN_DEPRECATED_OBJC_IMPLEMENTATIONS = YES;
				CLANG_WARN_DIRECT_OBJC_ISA_USAGE = YES_ERROR;
				CLANG_WARN_DOCUMENTATION_COMMENTS = YES;
				CLANG_WARN_EMPTY_BODY = YES;
				CLANG_WARN_ENUM_CONVERSION = YES;
				CLANG_WARN_INFINITE_RECURSION = YES;
				CLANG_WARN_INT_CONVERSION = YES;
				CLANG_WARN_NON_LITERAL_NULL_CONVERSION = YES;
				CLANG_WARN_OBJC_IMPLICIT_RETAIN_SELF = YES;
				CLANG_WARN_OBJC_LITERAL_CONVERSION = YES;
				CLANG_WARN_OBJC_ROOT_CLASS = YES_ERROR;
				CLANG_WARN_QUOTED_INCLUDE_IN_FRAMEWORK_HEADER = YES;
				CLANG_WARN_RANGE_LOOP_ANALYSIS = YES;
				CLANG_WARN_STRICT_PROTOTYPES = YES;
				CLANG_WARN_SUSPICIOUS_MOVE = YES;
				CLANG_WARN_UNGUARDED_AVAILABILITY = YES_AGGRESSIVE;
				CLANG_WARN_UNREACHABLE_CODE = YES;
				CLANG_WARN__DUPLICATE_METHOD_MATCH = YES;
				COPY_PHASE_STRIP = NO;
				DEBUG_INFORMATION_FORMAT = dwarf;
				ENABLE_STRICT_OBJC_MSGSEND = YES;
				ENABLE_TESTABILITY = YES;
				GCC_C_LANGUAGE_STANDARD = gnu11;
				GCC_DYNAMIC_NO_PIC = NO;
				GCC_NO_COMMON_BLOCKS = YES;
				GCC_OPTIMIZATION_LEVEL = 0;
				GCC_PREPROCESSOR_DEFINITIONS = (
					"DEBUG=1",
					"$(inherited)",
				);
				GCC_WARN_64_TO_32_BIT_CONVERSION = YES;
				GCC_WARN_ABOUT_RETURN_TYPE = YES_ERROR;
				GCC_WARN_UNDECLARED_SELECTOR = YES;
				GCC_WARN_UNINITIALIZED_AUTOS = YES_AGGRESSIVE;
				GCC_WARN_UNUSED_FUNCTION = YES;
				GCC_WARN_UNUSED_VARIABLE = YES;
				IPHONEOS_DEPLOYMENT_TARGET = 16.2;
				MTL_ENABLE_DEBUG_INFO = INCLUDE_SOURCE;
				MTL_FAST_MATH = YES;
				ONLY_ACTIVE_ARCH = YES;
				SDKROOT = iphoneos;
				SWIFT_ACTIVE_COMPILATION_CONDITIONS = DEBUG;
				SWIFT_OPTIMIZATION_LEVEL = "-Onone";
			};
			name = Debug;
		};
		5BE595212A60476100453C13 /* Release */ = {
			isa = XCBuildConfiguration;
			buildSettings = {
				ALWAYS_SEARCH_USER_PATHS = NO;
				CLANG_ANALYZER_NONNULL = YES;
				CLANG_ANALYZER_NUMBER_OBJECT_CONVERSION = YES_AGGRESSIVE;
				CLANG_CXX_LANGUAGE_STANDARD = "gnu++20";
				CLANG_ENABLE_MODULES = YES;
				CLANG_ENABLE_OBJC_ARC = YES;
				CLANG_ENABLE_OBJC_WEAK = YES;
				CLANG_WARN_BLOCK_CAPTURE_AUTORELEASING = YES;
				CLANG_WARN_BOOL_CONVERSION = YES;
				CLANG_WARN_COMMA = YES;
				CLANG_WARN_CONSTANT_CONVERSION = YES;
				CLANG_WARN_DEPRECATED_OBJC_IMPLEMENTATIONS = YES;
				CLANG_WARN_DIRECT_OBJC_ISA_USAGE = YES_ERROR;
				CLANG_WARN_DOCUMENTATION_COMMENTS = YES;
				CLANG_WARN_EMPTY_BODY = YES;
				CLANG_WARN_ENUM_CONVERSION = YES;
				CLANG_WARN_INFINITE_RECURSION = YES;
				CLANG_WARN_INT_CONVERSION = YES;
				CLANG_WARN_NON_LITERAL_NULL_CONVERSION = YES;
				CLANG_WARN_OBJC_IMPLICIT_RETAIN_SELF = YES;
				CLANG_WARN_OBJC_LITERAL_CONVERSION = YES;
				CLANG_WARN_OBJC_ROOT_CLASS = YES_ERROR;
				CLANG_WARN_QUOTED_INCLUDE_IN_FRAMEWORK_HEADER = YES;
				CLANG_WARN_RANGE_LOOP_ANALYSIS = YES;
				CLANG_WARN_STRICT_PROTOTYPES = YES;
				CLANG_WARN_SUSPICIOUS_MOVE = YES;
				CLANG_WARN_UNGUARDED_AVAILABILITY = YES_AGGRESSIVE;
				CLANG_WARN_UNREACHABLE_CODE = YES;
				CLANG_WARN__DUPLICATE_METHOD_MATCH = YES;
				COPY_PHASE_STRIP = NO;
				DEBUG_INFORMATION_FORMAT = "dwarf-with-dsym";
				ENABLE_NS_ASSERTIONS = NO;
				ENABLE_STRICT_OBJC_MSGSEND = YES;
				GCC_C_LANGUAGE_STANDARD = gnu11;
				GCC_NO_COMMON_BLOCKS = YES;
				GCC_WARN_64_TO_32_BIT_CONVERSION = YES;
				GCC_WARN_ABOUT_RETURN_TYPE = YES_ERROR;
				GCC_WARN_UNDECLARED_SELECTOR = YES;
				GCC_WARN_UNINITIALIZED_AUTOS = YES_AGGRESSIVE;
				GCC_WARN_UNUSED_FUNCTION = YES;
				GCC_WARN_UNUSED_VARIABLE = YES;
				IPHONEOS_DEPLOYMENT_TARGET = 16.2;
				MTL_ENABLE_DEBUG_INFO = NO;
				MTL_FAST_MATH = YES;
				SDKROOT = iphoneos;
				SWIFT_COMPILATION_MODE = wholemodule;
				SWIFT_OPTIMIZATION_LEVEL = "-O";
				VALIDATE_PRODUCT = YES;
			};
			name = Release;
		};
		5BE595232A60476100453C13 /* Debug */ = {
			isa = XCBuildConfiguration;
			buildSettings = {
				ASSETCATALOG_COMPILER_APPICON_NAME = AppIcon;
				ASSETCATALOG_COMPILER_GLOBAL_ACCENT_COLOR_NAME = AccentColor;
				CODE_SIGN_STYLE = Automatic;
				CURRENT_PROJECT_VERSION = 1;
				DEVELOPMENT_TEAM = 2T8ZX7X76S;
				GENERATE_INFOPLIST_FILE = YES;
				INFOPLIST_FILE = "What's the color/Info.plist";
				INFOPLIST_KEY_CFBundleDisplayName = "What's the hex";
				INFOPLIST_KEY_UIApplicationSupportsIndirectInputEvents = YES;
				INFOPLIST_KEY_UILaunchStoryboardName = LaunchScreen;
				INFOPLIST_KEY_UIMainStoryboardFile = Main;
				INFOPLIST_KEY_UISupportedInterfaceOrientations_iPad = "UIInterfaceOrientationPortrait UIInterfaceOrientationPortraitUpsideDown UIInterfaceOrientationLandscapeLeft UIInterfaceOrientationLandscapeRight";
				INFOPLIST_KEY_UISupportedInterfaceOrientations_iPhone = "UIInterfaceOrientationPortrait UIInterfaceOrientationLandscapeLeft UIInterfaceOrientationLandscapeRight";
				IPHONEOS_DEPLOYMENT_TARGET = 11.0;
				LD_RUNPATH_SEARCH_PATHS = (
					"$(inherited)",
					"@executable_path/Frameworks",
				);
				MARKETING_VERSION = 1.0;
				PRODUCT_BUNDLE_IDENTIFIER = com.whatsthecolor.ios;
				PRODUCT_NAME = "$(TARGET_NAME)";
				SWIFT_EMIT_LOC_STRINGS = YES;
				SWIFT_VERSION = 5.0;
				TARGETED_DEVICE_FAMILY = "1,2";
			};
			name = Debug;
		};
		5BE595242A60476100453C13 /* Release */ = {
			isa = XCBuildConfiguration;
			buildSettings = {
				ASSETCATALOG_COMPILER_APPICON_NAME = AppIcon;
				ASSETCATALOG_COMPILER_GLOBAL_ACCENT_COLOR_NAME = AccentColor;
				CODE_SIGN_STYLE = Automatic;
				CURRENT_PROJECT_VERSION = 1;
				DEVELOPMENT_TEAM = 2T8ZX7X76S;
				GENERATE_INFOPLIST_FILE = YES;
				INFOPLIST_FILE = "What's the color/Info.plist";
				INFOPLIST_KEY_CFBundleDisplayName = "What's the hex";
				INFOPLIST_KEY_UIApplicationSupportsIndirectInputEvents = YES;
				INFOPLIST_KEY_UILaunchStoryboardName = LaunchScreen;
				INFOPLIST_KEY_UIMainStoryboardFile = Main;
				INFOPLIST_KEY_UISupportedInterfaceOrientations_iPad = "UIInterfaceOrientationPortrait UIInterfaceOrientationPortraitUpsideDown UIInterfaceOrientationLandscapeLeft UIInterfaceOrientationLandscapeRight";
				INFOPLIST_KEY_UISupportedInterfaceOrientations_iPhone = "UIInterfaceOrientationPortrait UIInterfaceOrientationLandscapeLeft UIInterfaceOrientationLandscapeRight";
				IPHONEOS_DEPLOYMENT_TARGET = 11.0;
				LD_RUNPATH_SEARCH_PATHS = (
					"$(inherited)",
					"@executable_path/Frameworks",
				);
				MARKETING_VERSION = 1.0;
				PRODUCT_BUNDLE_IDENTIFIER = com.whatsthecolor.ios;
				PRODUCT_NAME = "$(TARGET_NAME)";
				SWIFT_EMIT_LOC_STRINGS = YES;
				SWIFT_VERSION = 5.0;
				TARGETED_DEVICE_FAMILY = "1,2";
			};
			name = Release;
		};
/* End XCBuildConfiguration section */

/* Begin XCConfigurationList section */
		5BE595092A60475F00453C13 /* Build configuration list for PBXProject "What's the color" */ = {
			isa = XCConfigurationList;
			buildConfigurations = (
				5BE595202A60476100453C13 /* Debug */,
				5BE595212A60476100453C13 /* Release */,
			);
			defaultConfigurationIsVisible = 0;
			defaultConfigurationName = Release;
		};
		5BE595222A60476100453C13 /* Build configuration list for PBXNativeTarget "What's the color" */ = {
			isa = XCConfigurationList;
			buildConfigurations = (
				5BE595232A60476100453C13 /* Debug */,
				5BE595242A60476100453C13 /* Release */,
			);
			defaultConfigurationIsVisible = 0;
			defaultConfigurationName = Release;
		};
/* End XCConfigurationList section */
	};
	rootObject = 5BE595062A60475F00453C13 /* Project object */;
}
